
Microsoft Visual Studio Solution File, Format Version 12.00
Project("{FAE04EC0-301F-11D3-BF4B-00C04F79EFBC}") = "Core", "Core\Core.csproj", "{1FDC1105-FD33-4260-BA67-D5CCCCB7B0E6}"
EndProject
Project("{FAE04EC0-301F-11D3-BF4B-00C04F79EFBC}") = "Repository", "Repository\Repository.csproj", "{D3C66435-9A72-4042-A6C8-89492C07E734}"
EndProject
Project("{FAE04EC0-301F-11D3-BF4B-00C04F79EFBC}") = "Application", "Application\Application.csproj", "{D38F4963-6A63-4879-AD51-5603A48775AE}"
EndProject
Project("{FAE04EC0-301F-11D3-BF4B-00C04F79EFBC}") = "UI", "UI\UI.csproj", "{EE99EAAC-FC8F-426B-9923-B524D79BE8A5}"
EndProject
Project("{2150E333-8FDC-42A3-9474-1A3956D46DE8}") = "Registration", "Registration", "{755BD0BB-0DD9-4786-B668-6727051AF620}"
EndProject
Global
	GlobalSection(SolutionConfigurationPlatforms) = preSolution
		Debug|Any CPU = Debug|Any CPU
		Release|Any CPU = Release|Any CPU
	EndGlobalSection
	GlobalSection(ProjectConfigurationPlatforms) = postSolution
		{1FDC1105-FD33-4260-BA67-D5CCCCB7B0E6}.Debug|Any CPU.ActiveCfg = Debug|Any CPU
		{1FDC1105-FD33-4260-BA67-D5CCCCB7B0E6}.Debug|Any CPU.Build.0 = Debug|Any CPU
		{1FDC1105-FD33-4260-BA67-D5CCCCB7B0E6}.Release|Any CPU.ActiveCfg = Release|Any CPU
		{1FDC1105-FD33-4260-BA67-D5CCCCB7B0E6}.Release|Any CPU.Build.0 = Release|Any CPU
		{D3C66435-9A72-4042-A6C8-89492C07E734}.Debug|Any CPU.ActiveCfg = Debug|Any CPU
		{D3C66435-9A72-4042-A6C8-89492C07E734}.Debug|Any CPU.Build.0 = Debug|Any CPU
		{D3C66435-9A72-4042-A6C8-89492C07E734}.Release|Any CPU.ActiveCfg = Release|Any CPU
		{D3C66435-9A72-4042-A6C8-89492C07E734}.Release|Any CPU.Build.0 = Release|Any CPU
		{D38F4963-6A63-4879-AD51-5603A48775AE}.Debug|Any CPU.ActiveCfg = Debug|Any CPU
		{D38F4963-6A63-4879-AD51-5603A48775AE}.Debug|Any CPU.Build.0 = Debug|Any CPU
		{D38F4963-6A63-4879-AD51-5603A48775AE}.Release|Any CPU.ActiveCfg = Release|Any CPU
		{D38F4963-6A63-4879-AD51-5603A48775AE}.Release|Any CPU.Build.0 = Release|Any CPU
		{EE99EAAC-FC8F-426B-9923-B524D79BE8A5}.Debug|Any CPU.ActiveCfg = Debug|Any CPU
		{EE99EAAC-FC8F-426B-9923-B524D79BE8A5}.Debug|Any CPU.Build.0 = Debug|Any CPU
		{EE99EAAC-FC8F-426B-9923-B524D79BE8A5}.Release|Any CPU.ActiveCfg = Release|Any CPU
		{EE99EAAC-FC8F-426B-9923-B524D79BE8A5}.Release|Any CPU.Build.0 = Release|Any CPU
	EndGlobalSection
	GlobalSection(NestedProjects) = preSolution
		{D38F4963-6A63-4879-AD51-5603A48775AE} = {755BD0BB-0DD9-4786-B668-6727051AF620}
		{1FDC1105-FD33-4260-BA67-D5CCCCB7B0E6} = {755BD0BB-0DD9-4786-B668-6727051AF620}
		{D3C66435-9A72-4042-A6C8-89492C07E734} = {755BD0BB-0DD9-4786-B668-6727051AF620}
		{EE99EAAC-FC8F-426B-9923-B524D79BE8A5} = {755BD0BB-0DD9-4786-B668-6727051AF620}
	EndGlobalSection
EndGlobal
